# This file is generated by running "yarn install" inside your project.
# Manual changes might be lost - proceed with caution!

__metadata:
  version: 8
  cacheKey: 10c0

"1_Variables@workspace:.":
  version: 0.0.0-use.local
  resolution: "1_Variables@workspace:."
  dependencies:
    "@types/mocha": "npm:^10.0.6"
    chai: "npm:^5.1.1"
  languageName: unknown
  linkType: soft

"@types/mocha@npm:^10.0.6":
  version: 10.0.6
  resolution: "@types/mocha@npm:10.0.6"
  checksum: 4526c9e88388f9e1004c6d3937c5488a39908810f26b927173c58d52b43057f3895627dc06538e96706e08b88158885f869ec6311f6b58fd72bdef715f26d6c3
  languageName: node
  linkType: hard

"assertion-error@npm:^2.0.1":
  version: 2.0.1
  resolution: "assertion-error@npm:2.0.1"
  checksum: bbbcb117ac6480138f8c93cf7f535614282dea9dc828f540cdece85e3c665e8f78958b96afac52f29ff883c72638e6a87d469ecc9fe5bc902df03ed24a55dba8
  languageName: node
  linkType: hard

"chai@npm:^5.1.1":
  version: 5.1.1
  resolution: "chai@npm:5.1.1"
  dependencies:
    assertion-error: "npm:^2.0.1"
    check-error: "npm:^2.1.1"
    deep-eql: "npm:^5.0.1"
    loupe: "npm:^3.1.0"
    pathval: "npm:^2.0.0"
  checksum: e7f00e5881e3d5224f08fe63966ed6566bd9fdde175863c7c16dd5240416de9b34c4a0dd925f4fd64ad56256ca6507d32cf6131c49e1db65c62578eb31d4566c
  languageName: node
  linkType: hard

"check-error@npm:^2.1.1":
  version: 2.1.1
  resolution: "check-error@npm:2.1.1"
  checksum: 979f13eccab306cf1785fa10941a590b4e7ea9916ea2a4f8c87f0316fc3eab07eabefb6e587424ef0f88cbcd3805791f172ea739863ca3d7ce2afc54641c7f0e
  languageName: node
  linkType: hard

"deep-eql@npm:^5.0.1":
  version: 5.0.1
  resolution: "deep-eql@npm:5.0.1"
  checksum: 079938540e36e468ac57ee857b4c34a428677aeb6d0cd45e0a8f7039bc21d89da5acf455a57e747740d9834e562b1d9cb5fd74f768d5f092d2fc4c646b23ac24
  languageName: node
  linkType: hard

"get-func-name@npm:^2.0.1":
  version: 2.0.2
  resolution: "get-func-name@npm:2.0.2"
  checksum: 89830fd07623fa73429a711b9daecdb304386d237c71268007f788f113505ef1d4cc2d0b9680e072c5082490aec9df5d7758bf5ac6f1c37062855e8e3dc0b9df
  languageName: node
  linkType: hard

"loupe@npm:^3.1.0":
  version: 3.1.0
  resolution: "loupe@npm:3.1.0"
  dependencies:
    get-func-name: "npm:^2.0.1"
  checksum: 8c2aebbabb732945092de4c2193a319f79c7a28aa70a20c1e1cd50568116c9a3b1a0a132277a1706d8742cd582be91119a85b5cdb443f1f97f1a375381fa22c7
  languageName: node
  linkType: hard

"pathval@npm:^2.0.0":
  version: 2.0.0
  resolution: "pathval@npm:2.0.0"
  checksum: 602e4ee347fba8a599115af2ccd8179836a63c925c23e04bd056d0674a64b39e3a081b643cc7bc0b84390517df2d800a46fcc5598d42c155fe4977095c2f77c5
  languageName: node
  linkType: hard
